
Microsoft Visual Studio Solution File, Format Version 12.00
# Visual Studio Version 17
VisualStudioVersion = 17.10.34928.147
MinimumVisualStudioVersion = 10.0.40219.1
Project("{FAE04EC0-301F-11D3-BF4B-00C04F79EFBC}") = "onatrix1", "onatrix1\onatrix1.csproj", "{1E658AE8-63A2-4536-A48B-05F9D3F9FAD0}"
EndProject
Global
	GlobalSection(SolutionConfigurationPlatforms) = preSolution
		Debug|Any CPU = Debug|Any CPU
		Release|Any CPU = Release|Any CPU
	EndGlobalSection
	GlobalSection(ProjectConfigurationPlatforms) = postSolution
		{1E658AE8-63A2-4536-A48B-05F9D3F9FAD0}.Debug|Any CPU.ActiveCfg = Debug|Any CPU
		{1E658AE8-63A2-4536-A48B-05F9D3F9FAD0}.Debug|Any CPU.Build.0 = Debug|Any CPU
		{1E658AE8-63A2-4536-A48B-05F9D3F9FAD0}.Release|Any CPU.ActiveCfg = Release|Any CPU
		{1E658AE8-63A2-4536-A48B-05F9D3F9FAD0}.Release|Any CPU.Build.0 = Release|Any CPU
	EndGlobalSection
	GlobalSection(SolutionProperties) = preSolution
		HideSolutionNode = FALSE
	EndGlobalSection
	GlobalSection(ExtensibilityGlobals) = postSolution
		SolutionGuid = {9BECA6E5-34A9-47C5-80A0-2B4D93C495BA}
	EndGlobalSection
EndGlobal
